
Microsoft Visual Studio Solution File, Format Version 12.00
# Visual Studio 15
VisualStudioVersion = 15.0.27703.2035
MinimumVisualStudioVersion = 10.0.40219.1
Project("{FAE04EC0-301F-11D3-BF4B-00C04F79EFBC}") = "SSLLLP for HL7", "SSLLLP for HL7.csproj", "{669C98AB-6554-4422-984F-1E3C4991EBD2}"
EndProject
Global
	GlobalSection(SolutionConfigurationPlatforms) = preSolution
		Debug|Any CPU = Debug|Any CPU
		Release|Any CPU = Release|Any CPU
	EndGlobalSection
	GlobalSection(ProjectConfigurationPlatforms) = postSolution
		{669C98AB-6554-4422-984F-1E3C4991EBD2}.Debug|Any CPU.ActiveCfg = Debug|Any CPU
		{669C98AB-6554-4422-984F-1E3C4991EBD2}.Debug|Any CPU.Build.0 = Debug|Any CPU
		{669C98AB-6554-4422-984F-1E3C4991EBD2}.Release|Any CPU.ActiveCfg = Release|Any CPU
		{669C98AB-6554-4422-984F-1E3C4991EBD2}.Release|Any CPU.Build.0 = Release|Any CPU
	EndGlobalSection
	GlobalSection(SolutionProperties) = preSolution
		HideSolutionNode = FALSE
	EndGlobalSection
	GlobalSection(ExtensibilityGlobals) = postSolution
		SolutionGuid = {35A440F8-8EBD-48F9-B1BD-74C44498FCB3}
	EndGlobalSection
EndGlobal
